
Microsoft Visual Studio Solution File, Format Version 12.00
# Visual Studio 2012
Project("{888888A0-9F3D-457C-B088-3A5042F75D52}") = "ThePineappleProject", "ThePineappleProject\ThePineappleProject.pyproj", "{C727ACC3-6FD7-455C-812F-CB1C7825647C}"
EndProject
Global
	GlobalSection(SolutionConfigurationPlatforms) = preSolution
		Debug|Any CPU = Debug|Any CPU
		Release|Any CPU = Release|Any CPU
	EndGlobalSection
	GlobalSection(ProjectConfigurationPlatforms) = postSolution
		{C727ACC3-6FD7-455C-812F-CB1C7825647C}.Debug|Any CPU.ActiveCfg = Debug|Any CPU
		{C727ACC3-6FD7-455C-812F-CB1C7825647C}.Release|Any CPU.ActiveCfg = Release|Any CPU
	EndGlobalSection
	GlobalSection(SolutionProperties) = preSolution
		HideSolutionNode = FALSE
	EndGlobalSection
EndGlobal
